
Microsoft Visual Studio Solution File, Format Version 12.00
# Visual Studio Version 17
VisualStudioVersion = 17.4.33015.44
MinimumVisualStudioVersion = 10.0.40219.1
Project("{FAE04EC0-301F-11D3-BF4B-00C04F79EFBC}") = "AsuNeftTask1", "AsuNeftTask1\AsuNeftTask1.csproj", "{1A98476E-754A-4A1F-B17E-ED37D576DB25}"
EndProject
Project("{FAE04EC0-301F-11D3-BF4B-00C04F79EFBC}") = "AsuNeftTask2", "AsuNeftTask2\AsuNeftTask2.csproj", "{50665934-D0F0-40FA-94D8-0B2DC5DC20ED}"
EndProject
Project("{FAE04EC0-301F-11D3-BF4B-00C04F79EFBC}") = "AsuNeftTask3", "AsuNeftTask3\AsuNeftTask3.csproj", "{63A830CF-6DC0-40C8-8DE4-38E7AF81CBC1}"
EndProject
Project("{FAE04EC0-301F-11D3-BF4B-00C04F79EFBC}") = "AsuNeftTask4", "AsuNeftTask4\AsuNeftTask4.csproj", "{43E36BDF-CDBC-4619-9E63-65C27E1763A9}"
EndProject
Project("{FAE04EC0-301F-11D3-BF4B-00C04F79EFBC}") = "AsuNeftTask5", "AsuNeftTask5\AsuNeftTask5.csproj", "{FF566BD8-B0D1-474E-948B-B5D3C18978C9}"
EndProject
Global
	GlobalSection(SolutionConfigurationPlatforms) = preSolution
		Debug|Any CPU = Debug|Any CPU
		Release|Any CPU = Release|Any CPU
	EndGlobalSection
	GlobalSection(ProjectConfigurationPlatforms) = postSolution
		{1A98476E-754A-4A1F-B17E-ED37D576DB25}.Debug|Any CPU.ActiveCfg = Debug|Any CPU
		{1A98476E-754A-4A1F-B17E-ED37D576DB25}.Debug|Any CPU.Build.0 = Debug|Any CPU
		{1A98476E-754A-4A1F-B17E-ED37D576DB25}.Release|Any CPU.ActiveCfg = Release|Any CPU
		{1A98476E-754A-4A1F-B17E-ED37D576DB25}.Release|Any CPU.Build.0 = Release|Any CPU
		{50665934-D0F0-40FA-94D8-0B2DC5DC20ED}.Debug|Any CPU.ActiveCfg = Debug|Any CPU
		{50665934-D0F0-40FA-94D8-0B2DC5DC20ED}.Debug|Any CPU.Build.0 = Debug|Any CPU
		{50665934-D0F0-40FA-94D8-0B2DC5DC20ED}.Release|Any CPU.ActiveCfg = Release|Any CPU
		{50665934-D0F0-40FA-94D8-0B2DC5DC20ED}.Release|Any CPU.Build.0 = Release|Any CPU
		{63A830CF-6DC0-40C8-8DE4-38E7AF81CBC1}.Debug|Any CPU.ActiveCfg = Debug|Any CPU
		{63A830CF-6DC0-40C8-8DE4-38E7AF81CBC1}.Debug|Any CPU.Build.0 = Debug|Any CPU
		{63A830CF-6DC0-40C8-8DE4-38E7AF81CBC1}.Release|Any CPU.ActiveCfg = Release|Any CPU
		{63A830CF-6DC0-40C8-8DE4-38E7AF81CBC1}.Release|Any CPU.Build.0 = Release|Any CPU
		{43E36BDF-CDBC-4619-9E63-65C27E1763A9}.Debug|Any CPU.ActiveCfg = Debug|Any CPU
		{43E36BDF-CDBC-4619-9E63-65C27E1763A9}.Debug|Any CPU.Build.0 = Debug|Any CPU
		{43E36BDF-CDBC-4619-9E63-65C27E1763A9}.Release|Any CPU.ActiveCfg = Release|Any CPU
		{43E36BDF-CDBC-4619-9E63-65C27E1763A9}.Release|Any CPU.Build.0 = Release|Any CPU
		{FF566BD8-B0D1-474E-948B-B5D3C18978C9}.Debug|Any CPU.ActiveCfg = Debug|Any CPU
		{FF566BD8-B0D1-474E-948B-B5D3C18978C9}.Debug|Any CPU.Build.0 = Debug|Any CPU
		{FF566BD8-B0D1-474E-948B-B5D3C18978C9}.Release|Any CPU.ActiveCfg = Release|Any CPU
		{FF566BD8-B0D1-474E-948B-B5D3C18978C9}.Release|Any CPU.Build.0 = Release|Any CPU
	EndGlobalSection
	GlobalSection(SolutionProperties) = preSolution
		HideSolutionNode = FALSE
	EndGlobalSection
	GlobalSection(ExtensibilityGlobals) = postSolution
		SolutionGuid = {76CCBBDA-6470-4080-B942-885FB526D4F9}
	EndGlobalSection
EndGlobal
